// !$*UTF8*$!
{
	archiveVersion = 1;
	classes = {
	};
	objectVersion = 56;
	objects = {

/* Begin PBXBuildFile section */
		2FB7CDBC29F91A07005DD38D /* AppDelegate.swift in Sources */ = {isa = PBXBuildFile; fileRef = 2FB7CDBB29F91A07005DD38D /* AppDelegate.swift */; };
		2FB7CDBE29F91A07005DD38D /* SceneDelegate.swift in Sources */ = {isa = PBXBuildFile; fileRef = 2FB7CDBD29F91A07005DD38D /* SceneDelegate.swift */; };
		2FB7CDC029F91A07005DD38D /* ViewController.swift in Sources */ = {isa = PBXBuildFile; fileRef = 2FB7CDBF29F91A07005DD38D /* ViewController.swift */; };
		2FB7CDC329F91A07005DD38D /* Main.storyboard in Resources */ = {isa = PBXBuildFile; fileRef = 2FB7CDC129F91A07005DD38D /* Main.storyboard */; };
		2FB7CDC529F91A08005DD38D /* Assets.xcassets in Resources */ = {isa = PBXBuildFile; fileRef = 2FB7CDC429F91A08005DD38D /* Assets.xcassets */; };
		2FB7CDC829F91A08005DD38D /* LaunchScreen.storyboard in Resources */ = {isa = PBXBuildFile; fileRef = 2FB7CDC629F91A08005DD38D /* LaunchScreen.storyboard */; };
/* End PBXBuildFile section */

/* Begin PBXContainerItemProxy section */
		2FB7CDCF29F91A08005DD38D /* PBXContainerItemProxy */ = {
			isa = PBXContainerItemProxy;
			containerPortal = 2FB7CDB029F91A07005DD38D /* Project object */;
			proxyType = 1;
			remoteGlobalIDString = 2FB7CDB729F91A07005DD38D;
			remoteInfo = AnimasyonlarProject15;
		};
		2FB7CDD929F91A08005DD38D /* PBXContainerItemProxy */ = {
			isa = PBXContainerItemProxy;
			containerPortal = 2FB7CDB029F91A07005DD38D /* Project object */;
			proxyType = 1;
			remoteGlobalIDString = 2FB7CDB729F91A07005DD38D;
			remoteInfo = AnimasyonlarProject15;
		};
/* End PBXContainerItemProxy section */

/* Begin PBXFileReference section */
		2FB7CDB829F91A07005DD38D /* AnimasyonlarProject15.app */ = {isa = PBXFileReference; explicitFileType = wrapper.application; includeInIndex = 0; path = AnimasyonlarProject15.app; sourceTree = BUILT_PRODUCTS_DIR; };
		2FB7CDBB29F91A07005DD38D /* AppDelegate.swift */ = {isa = PBXFileReference; lastKnownFileType = sourcecode.swift; path = AppDelegate.swift; sourceTree = "<group>"; };
		2FB7CDBD29F91A07005DD38D /* SceneDelegate.swift */ = {isa = PBXFileReference; lastKnownFileType = sourcecode.swift; path = SceneDelegate.swift; sourceTree = "<group>"; };
		2FB7CDBF29F91A07005DD38D /* ViewController.swift */ = {isa = PBXFileReference; lastKnownFileType = sourcecode.swift; path = ViewController.swift; sourceTree = "<group>"; };
		2FB7CDC229F91A07005DD38D /* Base */ = {isa = PBXFileReference; lastKnownFileType = file.storyboard; name = Base; path = Base.lproj/Main.storyboard; sourceTree = "<group>"; };
		2FB7CDC429F91A08005DD38D /* Assets.xcassets */ = {isa = PBXFileReference; lastKnownFileType = folder.assetcatalog; path = Assets.xcassets; sourceTree = "<group>"; };
		2FB7CDC729F91A08005DD38D /* Base */ = {isa = PBXFileReference; lastKnownFileType = file.storyboard; name = Base; path = Base.lproj/LaunchScreen.storyboard; sourceTree = "<group>"; };
		2FB7CDC929F91A08005DD38D /* Info.plist */ = {isa = PBXFileReference; lastKnownFileType = text.plist.xml; path = Info.plist; sourceTree = "<group>"; };
		2FB7CDCE29F91A08005DD38D /* AnimasyonlarProject15Tests.xctest */ = {isa = PBXFileReference; explicitFileType = wrapper.cfbundle; includeInIndex = 0; path = AnimasyonlarProject15Tests.xctest; sourceTree = BUILT_PRODUCTS_DIR; };
		2FB7CDD829F91A08005DD38D /* AnimasyonlarProject15UITests.xctest */ = {isa = PBXFileReference; explicitFileType = wrapper.cfbundle; includeInIndex = 0; path = AnimasyonlarProject15UITests.xctest; sourceTree = BUILT_PRODUCTS_DIR; };
/* End PBXFileReference section */

/* Begin PBXFrameworksBuildPhase section */
		2FB7CDB529F91A07005DD38D /* Frameworks */ = {
			isa = PBXFrameworksBuildPhase;
			buildActionMask = 2147483647;
			files = (
			);
			runOnlyForDeploymentPostprocessing = 0;
		};
		2FB7CDCB29F91A08005DD38D /* Frameworks */ = {
			isa = PBXFrameworksBuildPhase;
			buildActionMask = 2147483647;
			files = (
			);
			runOnlyForDeploymentPostprocessing = 0;
		};
		2FB7CDD529F91A08005DD38D /* Frameworks */ = {
			isa = PBXFrameworksBuildPhase;
			buildActionMask = 2147483647;
			files = (
			);
			runOnlyForDeploymentPostprocessing = 0;
		};
/* End PBXFrameworksBuildPhase section */

/* Begin PBXGroup section */
		2FB7CDAF29F91A07005DD38D = {
			isa = PBXGroup;
			children = (
				2FB7CDBA29F91A07005DD38D /* AnimasyonlarProject15 */,
				2FB7CDB929F91A07005DD38D /* Products */,
			);
			sourceTree = "<group>";
		};
		2FB7CDB929F91A07005DD38D /* Products */ = {
			isa = PBXGroup;
			children = (
				2FB7CDB829F91A07005DD38D /* AnimasyonlarProject15.app */,
				2FB7CDCE29F91A08005DD38D /* AnimasyonlarProject15Tests.xctest */,
				2FB7CDD829F91A08005DD38D /* AnimasyonlarProject15UITests.xctest */,
			);
			name = Products;
			sourceTree = "<group>";
		};
		2FB7CDBA29F91A07005DD38D /* AnimasyonlarProject15 */ = {
			isa = PBXGroup;
			children = (
				2FB7CDBB29F91A07005DD38D /* AppDelegate.swift */,
				2FB7CDBD29F91A07005DD38D /* SceneDelegate.swift */,
				2FB7CDBF29F91A07005DD38D /* ViewController.swift */,
				2FB7CDC129F91A07005DD38D /* Main.storyboard */,
				2FB7CDC429F91A08005DD38D /* Assets.xcassets */,
				2FB7CDC629F91A08005DD38D /* LaunchScreen.storyboard */,
				2FB7CDC929F91A08005DD38D /* Info.plist */,
			);
			path = AnimasyonlarProject15;
			sourceTree = "<group>";
		};
/* End PBXGroup section */

/* Begin PBXNativeTarget section */
		2FB7CDB729F91A07005DD38D /* AnimasyonlarProject15 */ = {
			isa = PBXNativeTarget;
			buildConfigurationList = 2FB7CDE229F91A08005DD38D /* Build configuration list for PBXNativeTarget "AnimasyonlarProject15" */;
			buildPhases = (
				2FB7CDB429F91A07005DD38D /* Sources */,
				2FB7CDB529F91A07005DD38D /* Frameworks */,
				2FB7CDB629F91A07005DD38D /* Resources */,
			);
			buildRules = (
			);
			dependencies = (
			);
			name = AnimasyonlarProject15;
			productName = AnimasyonlarProject15;
			productReference = 2FB7CDB829F91A07005DD38D /* AnimasyonlarProject15.app */;
			productType = "com.apple.product-type.application";
		};
		2FB7CDCD29F91A08005DD38D /* AnimasyonlarProject15Tests */ = {
			isa = PBXNativeTarget;
			buildConfigurationList = 2FB7CDE529F91A08005DD38D /* Build configuration list for PBXNativeTarget "AnimasyonlarProject15Tests" */;
			buildPhases = (
				2FB7CDCA29F91A08005DD38D /* Sources */,
				2FB7CDCB29F91A08005DD38D /* Frameworks */,
				2FB7CDCC29F91A08005DD38D /* Resources */,
			);
			buildRules = (
			);
			dependencies = (
				2FB7CDD029F91A08005DD38D /* PBXTargetDependency */,
			);
			name = AnimasyonlarProject15Tests;
			productName = AnimasyonlarProject15Tests;
			productReference = 2FB7CDCE29F91A08005DD38D /* AnimasyonlarProject15Tests.xctest */;
			productType = "com.apple.product-type.bundle.unit-test";
		};
		2FB7CDD729F91A08005DD38D /* AnimasyonlarProject15UITests */ = {
			isa = PBXNativeTarget;
			buildConfigurationList = 2FB7CDE829F91A08005DD38D /* Build configuration list for PBXNativeTarget "AnimasyonlarProject15UITests" */;
			buildPhases = (
				2FB7CDD429F91A08005DD38D /* Sources */,
				2FB7CDD529F91A08005DD38D /* Frameworks */,
				2FB7CDD629F91A08005DD38D /* Resources */,
			);
			buildRules = (
			);
			dependencies = (
				2FB7CDDA29F91A08005DD38D /* PBXTargetDependency */,
			);
			name = AnimasyonlarProject15UITests;
			productName = AnimasyonlarProject15UITests;
			productReference = 2FB7CDD829F91A08005DD38D /* AnimasyonlarProject15UITests.xctest */;
			productType = "com.apple.product-type.bundle.ui-testing";
		};
/* End PBXNativeTarget section */

/* Begin PBXProject section */
		2FB7CDB029F91A07005DD38D /* Project object */ = {
			isa = PBXProject;
			attributes = {
				BuildIndependentTargetsInParallel = 1;
				LastSwiftUpdateCheck = 1420;
				LastUpgradeCheck = 1420;
				TargetAttributes = {
					2FB7CDB729F91A07005DD38D = {
						CreatedOnToolsVersion = 14.2;
					};
					2FB7CDCD29F91A08005DD38D = {
						CreatedOnToolsVersion = 14.2;
						TestTargetID = 2FB7CDB729F91A07005DD38D;
					};
					2FB7CDD729F91A08005DD38D = {
						CreatedOnToolsVersion = 14.2;
						TestTargetID = 2FB7CDB729F91A07005DD38D;
					};
				};
			};
			buildConfigurationList = 2FB7CDB329F91A07005DD38D /* Build configuration list for PBXProject "AnimasyonlarProject15" */;
			compatibilityVersion = "Xcode 14.0";
			developmentRegion = en;
			hasScannedForEncodings = 0;
			knownRegions = (
				en,
				Base,
			);
			mainGroup = 2FB7CDAF29F91A07005DD38D;
			productRefGroup = 2FB7CDB929F91A07005DD38D /* Products */;
			projectDirPath = "";
			projectRoot = "";
			targets = (
				2FB7CDB729F91A07005DD38D /* AnimasyonlarProject15 */,
				2FB7CDCD29F91A08005DD38D /* AnimasyonlarProject15Tests */,
				2FB7CDD729F91A08005DD38D /* AnimasyonlarProject15UITests */,
			);
		};
/* End PBXProject section */

/* Begin PBXResourcesBuildPhase section */
		2FB7CDB629F91A07005DD38D /* Resources */ = {
			isa = PBXResourcesBuildPhase;
			buildActionMask = 2147483647;
			files = (
				2FB7CDC829F91A08005DD38D /* LaunchScreen.storyboard in Resources */,
				2FB7CDC529F91A08005DD38D /* Assets.xcassets in Resources */,
				2FB7CDC329F91A07005DD38D /* Main.storyboard in Resources */,
			);
			runOnlyForDeploymentPostprocessing = 0;
		};
		2FB7CDCC29F91A08005DD38D /* Resources */ = {
			isa = PBXResourcesBuildPhase;
			buildActionMask = 2147483647;
			files = (
			);
			runOnlyForDeploymentPostprocessing = 0;
		};
		2FB7CDD629F91A08005DD38D /* Resources */ = {
			isa = PBXResourcesBuildPhase;
			buildActionMask = 2147483647;
			files = (
			);
			runOnlyForDeploymentPostprocessing = 0;
		};
/* End PBXResourcesBuildPhase section */

/* Begin PBXSourcesBuildPhase section */
		2FB7CDB429F91A07005DD38D /* Sources */ = {
			isa = PBXSourcesBuildPhase;
			buildActionMask = 2147483647;
			files = (
				2FB7CDC029F91A07005DD38D /* ViewController.swift in Sources */,
				2FB7CDBC29F91A07005DD38D /* AppDelegate.swift in Sources */,
				2FB7CDBE29F91A07005DD38D /* SceneDelegate.swift in Sources */,
			);
			runOnlyForDeploymentPostprocessing = 0;
		};
		2FB7CDCA29F91A08005DD38D /* Sources */ = {
			isa = PBXSourcesBuildPhase;
			buildActionMask = 2147483647;
			files = (
			);
			runOnlyForDeploymentPostprocessing = 0;
		};
		2FB7CDD429F91A08005DD38D /* Sources */ = {
			isa = PBXSourcesBuildPhase;
			buildActionMask = 2147483647;
			files = (
			);
			runOnlyForDeploymentPostprocessing = 0;
		};
/* End PBXSourcesBuildPhase section */

/* Begin PBXTargetDependency section */
		2FB7CDD029F91A08005DD38D /* PBXTargetDependency */ = {
			isa = PBXTargetDependency;
			target = 2FB7CDB729F91A07005DD38D /* AnimasyonlarProject15 */;
			targetProxy = 2FB7CDCF29F91A08005DD38D /* PBXContainerItemProxy */;
		};
		2FB7CDDA29F91A08005DD38D /* PBXTargetDependency */ = {
			isa = PBXTargetDependency;
			target = 2FB7CDB729F91A07005DD38D /* AnimasyonlarProject15 */;
			targetProxy = 2FB7CDD929F91A08005DD38D /* PBXContainerItemProxy */;
		};
/* End PBXTargetDependency section */

/* Begin PBXVariantGroup section */
		2FB7CDC129F91A07005DD38D /* Main.storyboard */ = {
			isa = PBXVariantGroup;
			children = (
				2FB7CDC229F91A07005DD38D /* Base */,
			);
			name = Main.storyboard;
			sourceTree = "<group>";
		};
		2FB7CDC629F91A08005DD38D /* LaunchScreen.storyboard */ = {
			isa = PBXVariantGroup;
			children = (
				2FB7CDC729F91A08005DD38D /* Base */,
			);
			name = LaunchScreen.storyboard;
			sourceTree = "<group>";
		};
/* End PBXVariantGroup section */

/* Begin XCBuildConfiguration section */
		2FB7CDE029F91A08005DD38D /* Debug */ = {
			isa = XCBuildConfiguration;
			buildSettings = {
				ALWAYS_SEARCH_USER_PATHS = NO;
				CLANG_ANALYZER_NONNULL = YES;
				CLANG_ANALYZER_NUMBER_OBJECT_CONVERSION = YES_AGGRESSIVE;
				CLANG_CXX_LANGUAGE_STANDARD = "gnu++20";
				CLANG_ENABLE_MODULES = YES;
				CLANG_ENABLE_OBJC_ARC = YES;
				CLANG_ENABLE_OBJC_WEAK = YES;
				CLANG_WARN_BLOCK_CAPTURE_AUTORELEASING = YES;
				CLANG_WARN_BOOL_CONVERSION = YES;
				CLANG_WARN_COMMA = YES;
				CLANG_WARN_CONSTANT_CONVERSION = YES;
				CLANG_WARN_DEPRECATED_OBJC_IMPLEMENTATIONS = YES;
				CLANG_WARN_DIRECT_OBJC_ISA_USAGE = YES_ERROR;
				CLANG_WARN_DOCUMENTATION_COMMENTS = YES;
				CLANG_WARN_EMPTY_BODY = YES;
				CLANG_WARN_ENUM_CONVERSION = YES;
				CLANG_WARN_INFINITE_RECURSION = YES;
				CLANG_WARN_INT_CONVERSION = YES;
				CLANG_WARN_NON_LITERAL_NULL_CONVERSION = YES;
				CLANG_WARN_OBJC_IMPLICIT_RETAIN_SELF = YES;
				CLANG_WARN_OBJC_LITERAL_CONVERSION = YES;
				CLANG_WARN_OBJC_ROOT_CLASS = YES_ERROR;
				CLANG_WARN_QUOTED_INCLUDE_IN_FRAMEWORK_HEADER = YES;
				CLANG_WARN_RANGE_LOOP_ANALYSIS = YES;
				CLANG_WARN_STRICT_PROTOTYPES = YES;
				CLANG_WARN_SUSPICIOUS_MOVE = YES;
				CLANG_WARN_UNGUARDED_AVAILABILITY = YES_AGGRESSIVE;
				CLANG_WARN_UNREACHABLE_CODE = YES;
				CLANG_WARN__DUPLICATE_METHOD_MATCH = YES;
				COPY_PHASE_STRIP = NO;
				DEBUG_INFORMATION_FORMAT = dwarf;
				ENABLE_STRICT_OBJC_MSGSEND = YES;
				ENABLE_TESTABILITY = YES;
				GCC_C_LANGUAGE_STANDARD = gnu11;
				GCC_DYNAMIC_NO_PIC = NO;
				GCC_NO_COMMON_BLOCKS = YES;
				GCC_OPTIMIZATION_LEVEL = 0;
				GCC_PREPROCESSOR_DEFINITIONS = (
					"DEBUG=1",
					"$(inherited)",
				);
				GCC_WARN_64_TO_32_BIT_CONVERSION = YES;
				GCC_WARN_ABOUT_RETURN_TYPE = YES_ERROR;
				GCC_WARN_UNDECLARED_SELECTOR = YES;
				GCC_WARN_UNINITIALIZED_AUTOS = YES_AGGRESSIVE;
				GCC_WARN_UNUSED_FUNCTION = YES;
				GCC_WARN_UNUSED_VARIABLE = YES;
				IPHONEOS_DEPLOYMENT_TARGET = 16.2;
				MTL_ENABLE_DEBUG_INFO = INCLUDE_SOURCE;
				MTL_FAST_MATH = YES;
				ONLY_ACTIVE_ARCH = YES;
				SDKROOT = iphoneos;
				SWIFT_ACTIVE_COMPILATION_CONDITIONS = DEBUG;
				SWIFT_OPTIMIZATION_LEVEL = "-Onone";
			};
			name = Debug;
		};
		2FB7CDE129F91A08005DD38D /* Release */ = {
			isa = XCBuildConfiguration;
			buildSettings = {
				ALWAYS_SEARCH_USER_PATHS = NO;
				CLANG_ANALYZER_NONNULL = YES;
				CLANG_ANALYZER_NUMBER_OBJECT_CONVERSION = YES_AGGRESSIVE;
				CLANG_CXX_LANGUAGE_STANDARD = "gnu++20";
				CLANG_ENABLE_MODULES = YES;
				CLANG_ENABLE_OBJC_ARC = YES;
				CLANG_ENABLE_OBJC_WEAK = YES;
				CLANG_WARN_BLOCK_CAPTURE_AUTORELEASING = YES;
				CLANG_WARN_BOOL_CONVERSION = YES;
				CLANG_WARN_COMMA = YES;
				CLANG_WARN_CONSTANT_CONVERSION = YES;
				CLANG_WARN_DEPRECATED_OBJC_IMPLEMENTATIONS = YES;
				CLANG_WARN_DIRECT_OBJC_ISA_USAGE = YES_ERROR;
				CLANG_WARN_DOCUMENTATION_COMMENTS = YES;
				CLANG_WARN_EMPTY_BODY = YES;
				CLANG_WARN_ENUM_CONVERSION = YES;
				CLANG_WARN_INFINITE_RECURSION = YES;
				CLANG_WARN_INT_CONVERSION = YES;
				CLANG_WARN_NON_LITERAL_NULL_CONVERSION = YES;
				CLANG_WARN_OBJC_IMPLICIT_RETAIN_SELF = YES;
				CLANG_WARN_OBJC_LITERAL_CONVERSION = YES;
				CLANG_WARN_OBJC_ROOT_CLASS = YES_ERROR;
				CLANG_WARN_QUOTED_INCLUDE_IN_FRAMEWORK_HEADER = YES;
				CLANG_WARN_RANGE_LOOP_ANALYSIS = YES;
				CLANG_WARN_STRICT_PROTOTYPES = YES;
				CLANG_WARN_SUSPICIOUS_MOVE = YES;
				CLANG_WARN_UNGUARDED_AVAILABILITY = YES_AGGRESSIVE;
				CLANG_WARN_UNREACHABLE_CODE = YES;
				CLANG_WARN__DUPLICATE_METHOD_MATCH = YES;
				COPY_PHASE_STRIP = NO;
				DEBUG_INFORMATION_FORMAT = "dwarf-with-dsym";
				ENABLE_NS_ASSERTIONS = NO;
				ENABLE_STRICT_OBJC_MSGSEND = YES;
				GCC_C_LANGUAGE_STANDARD = gnu11;
				GCC_NO_COMMON_BLOCKS = YES;
				GCC_WARN_64_TO_32_BIT_CONVERSION = YES;
				GCC_WARN_ABOUT_RETURN_TYPE = YES_ERROR;
				GCC_WARN_UNDECLARED_SELECTOR = YES;
				GCC_WARN_UNINITIALIZED_AUTOS = YES_AGGRESSIVE;
				GCC_WARN_UNUSED_FUNCTION = YES;
				GCC_WARN_UNUSED_VARIABLE = YES;
				IPHONEOS_DEPLOYMENT_TARGET = 16.2;
				MTL_ENABLE_DEBUG_INFO = NO;
				MTL_FAST_MATH = YES;
				SDKROOT = iphoneos;
				SWIFT_COMPILATION_MODE = wholemodule;
				SWIFT_OPTIMIZATION_LEVEL = "-O";
				VALIDATE_PRODUCT = YES;
			};
			name = Release;
		};
		2FB7CDE329F91A08005DD38D /* Debug */ = {
			isa = XCBuildConfiguration;
			buildSettings = {
				ASSETCATALOG_COMPILER_APPICON_NAME = AppIcon;
				ASSETCATALOG_COMPILER_GLOBAL_ACCENT_COLOR_NAME = AccentColor;
				CODE_SIGN_STYLE = Automatic;
				CURRENT_PROJECT_VERSION = 1;
				DEVELOPMENT_TEAM = 9N9RKH6XXL;
				GENERATE_INFOPLIST_FILE = YES;
				INFOPLIST_FILE = AnimasyonlarProject15/Info.plist;
				INFOPLIST_KEY_UIApplicationSupportsIndirectInputEvents = YES;
				INFOPLIST_KEY_UILaunchStoryboardName = LaunchScreen;
				INFOPLIST_KEY_UIMainStoryboardFile = Main;
				INFOPLIST_KEY_UISupportedInterfaceOrientations_iPad = "UIInterfaceOrientationLandscapeLeft UIInterfaceOrientationLandscapeRight";
				LD_RUNPATH_SEARCH_PATHS = (
					"$(inherited)",
					"@executable_path/Frameworks",
				);
				MARKETING_VERSION = 1.0;
				PRODUCT_BUNDLE_IDENTIFIER = com.yavuz.AnimasyonlarProject15;
				PRODUCT_NAME = "$(TARGET_NAME)";
				SWIFT_EMIT_LOC_STRINGS = YES;
				SWIFT_VERSION = 5.0;
				TARGETED_DEVICE_FAMILY = "1,2";
			};
			name = Debug;
		};
		2FB7CDE429F91A08005DD38D /* Release */ = {
			isa = XCBuildConfiguration;
			buildSettings = {
				ASSETCATALOG_COMPILER_APPICON_NAME = AppIcon;
				ASSETCATALOG_COMPILER_GLOBAL_ACCENT_COLOR_NAME = AccentColor;
				CODE_SIGN_STYLE = Automatic;
				CURRENT_PROJECT_VERSION = 1;
				DEVELOPMENT_TEAM = 9N9RKH6XXL;
				GENERATE_INFOPLIST_FILE = YES;
				INFOPLIST_FILE = AnimasyonlarProject15/Info.plist;
				INFOPLIST_KEY_UIApplicationSupportsIndirectInputEvents = YES;
				INFOPLIST_KEY_UILaunchStoryboardName = LaunchScreen;
				INFOPLIST_KEY_UIMainStoryboardFile = Main;
				INFOPLIST_KEY_UISupportedInterfaceOrientations_iPad = "UIInterfaceOrientationLandscapeLeft UIInterfaceOrientationLandscapeRight";
				LD_RUNPATH_SEARCH_PATHS = (
					"$(inherited)",
					"@executable_path/Frameworks",
				);
				MARKETING_VERSION = 1.0;
				PRODUCT_BUNDLE_IDENTIFIER = com.yavuz.AnimasyonlarProject15;
				PRODUCT_NAME = "$(TARGET_NAME)";
				SWIFT_EMIT_LOC_STRINGS = YES;
				SWIFT_VERSION = 5.0;
				TARGETED_DEVICE_FAMILY = "1,2";
			};
			name = Release;
		};
		2FB7CDE629F91A08005DD38D /* Debug */ = {
			isa = XCBuildConfiguration;
			buildSettings = {
				ALWAYS_EMBED_SWIFT_STANDARD_LIBRARIES = YES;
				BUNDLE_LOADER = "$(TEST_HOST)";
				CODE_SIGN_STYLE = Automatic;
				CURRENT_PROJECT_VERSION = 1;
				DEVELOPMENT_TEAM = 9N9RKH6XXL;
				GENERATE_INFOPLIST_FILE = YES;
				IPHONEOS_DEPLOYMENT_TARGET = 16.2;
				MARKETING_VERSION = 1.0;
				PRODUCT_BUNDLE_IDENTIFIER = com.yavuz.AnimasyonlarProject15Tests;
				PRODUCT_NAME = "$(TARGET_NAME)";
				SWIFT_EMIT_LOC_STRINGS = NO;
				SWIFT_VERSION = 5.0;
				TARGETED_DEVICE_FAMILY = "1,2";
				TEST_HOST = "$(BUILT_PRODUCTS_DIR)/AnimasyonlarProject15.app/$(BUNDLE_EXECUTABLE_FOLDER_PATH)/AnimasyonlarProject15";
			};
			name = Debug;
		};
		2FB7CDE729F91A08005DD38D /* Release */ = {
			isa = XCBuildConfiguration;
			buildSettings = {
				ALWAYS_EMBED_SWIFT_STANDARD_LIBRARIES = YES;
				BUNDLE_LOADER = "$(TEST_HOST)";
				CODE_SIGN_STYLE = Automatic;
				CURRENT_PROJECT_VERSION = 1;
				DEVELOPMENT_TEAM = 9N9RKH6XXL;
				GENERATE_INFOPLIST_FILE = YES;
				IPHONEOS_DEPLOYMENT_TARGET = 16.2;
				MARKETING_VERSION = 1.0;
				PRODUCT_BUNDLE_IDENTIFIER = com.yavuz.AnimasyonlarProject15Tests;
				PRODUCT_NAME = "$(TARGET_NAME)";
				SWIFT_EMIT_LOC_STRINGS = NO;
				SWIFT_VERSION = 5.0;
				TARGETED_DEVICE_FAMILY = "1,2";
				TEST_HOST = "$(BUILT_PRODUCTS_DIR)/AnimasyonlarProject15.app/$(BUNDLE_EXECUTABLE_FOLDER_PATH)/AnimasyonlarProject15";
			};
			name = Release;
		};
		2FB7CDE929F91A08005DD38D /* Debug */ = {
			isa = XCBuildConfiguration;
			buildSettings = {
				ALWAYS_EMBED_SWIFT_STANDARD_LIBRARIES = YES;
				CODE_SIGN_STYLE = Automatic;
				CURRENT_PROJECT_VERSION = 1;
				DEVELOPMENT_TEAM = 9N9RKH6XXL;
				GENERATE_INFOPLIST_FILE = YES;
				MARKETING_VERSION = 1.0;
				PRODUCT_BUNDLE_IDENTIFIER = com.yavuz.AnimasyonlarProject15UITests;
				PRODUCT_NAME = "$(TARGET_NAME)";
				SWIFT_EMIT_LOC_STRINGS = NO;
				SWIFT_VERSION = 5.0;
				TARGETED_DEVICE_FAMILY = "1,2";
				TEST_TARGET_NAME = AnimasyonlarProject15;
			};
			name = Debug;
		};
		2FB7CDEA29F91A08005DD38D /* Release */ = {
			isa = XCBuildConfiguration;
			buildSettings = {
				ALWAYS_EMBED_SWIFT_STANDARD_LIBRARIES = YES;
				CODE_SIGN_STYLE = Automatic;
				CURRENT_PROJECT_VERSION = 1;
				DEVELOPMENT_TEAM = 9N9RKH6XXL;
				GENERATE_INFOPLIST_FILE = YES;
				MARKETING_VERSION = 1.0;
				PRODUCT_BUNDLE_IDENTIFIER = com.yavuz.AnimasyonlarProject15UITests;
				PRODUCT_NAME = "$(TARGET_NAME)";
				SWIFT_EMIT_LOC_STRINGS = NO;
				SWIFT_VERSION = 5.0;
				TARGETED_DEVICE_FAMILY = "1,2";
				TEST_TARGET_NAME = AnimasyonlarProject15;
			};
			name = Release;
		};
/* End XCBuildConfiguration section */

/* Begin XCConfigurationList section */
		2FB7CDB329F91A07005DD38D /* Build configuration list for PBXProject "AnimasyonlarProject15" */ = {
			isa = XCConfigurationList;
			buildConfigurations = (
				2FB7CDE029F91A08005DD38D /* Debug */,
				2FB7CDE129F91A08005DD38D /* Release */,
			);
			defaultConfigurationIsVisible = 0;
			defaultConfigurationName = Release;
		};
		2FB7CDE229F91A08005DD38D /* Build configuration list for PBXNativeTarget "AnimasyonlarProject15" */ = {
			isa = XCConfigurationList;
			buildConfigurations = (
				2FB7CDE329F91A08005DD38D /* Debug */,
				2FB7CDE429F91A08005DD38D /* Release */,
			);
			defaultConfigurationIsVisible = 0;
			defaultConfigurationName = Release;
		};
		2FB7CDE529F91A08005DD38D /* Build configuration list for PBXNativeTarget "AnimasyonlarProject15Tests" */ = {
			isa = XCConfigurationList;
			buildConfigurations = (
				2FB7CDE629F91A08005DD38D /* Debug */,
				2FB7CDE729F91A08005DD38D /* Release */,
			);
			defaultConfigurationIsVisible = 0;
			defaultConfigurationName = Release;
		};
		2FB7CDE829F91A08005DD38D /* Build configuration list for PBXNativeTarget "AnimasyonlarProject15UITests" */ = {
			isa = XCConfigurationList;
			buildConfigurations = (
				2FB7CDE929F91A08005DD38D /* Debug */,
				2FB7CDEA29F91A08005DD38D /* Release */,
			);
			defaultConfigurationIsVisible = 0;
			defaultConfigurationName = Release;
		};
/* End XCConfigurationList section */
	};
	rootObject = 2FB7CDB029F91A07005DD38D /* Project object */;
}
